{
  "name": "trello_clone",
  "lockfileVersion": 2,
  "requires": true,
  "packages": {
    "": {
      "dependencies": {
        "@types/validator": "^13.7.8"
      }
    },
    "node_modules/@types/validator": {
      "version": "13.7.8",
      "resolved": "https://registry.npmjs.org/@types/validator/-/validator-13.7.8.tgz",
      "integrity": "sha512-HKayOBe2ThTcQykiycCQYf70Fvo0WaJEJdxxNjvX3D/mnC0IUAhMe6wsIb1wwthmjiqBAR3qGkEzHYx74MS2yw=="
    }
  },
  "dependencies": {
    "@types/validator": {
      "version": "13.7.8",
      "resolved": "https://registry.npmjs.org/@types/validator/-/validator-13.7.8.tgz",
      "integrity": "sha512-HKayOBe2ThTcQykiycCQYf70Fvo0WaJEJdxxNjvX3D/mnC0IUAhMe6wsIb1wwthmjiqBAR3qGkEzHYx74MS2yw=="
    }
  }
}
